
Microsoft Visual Studio Solution File, Format Version 12.00
# Visual Studio Version 17
VisualStudioVersion = 17.3.32922.545
MinimumVisualStudioVersion = 10.0.40219.1
Project("{FAE04EC0-301F-11D3-BF4B-00C04F79EFBC}") = "AssetTracker", "AssetTracker\AssetTracker.csproj", "{51EA894F-4BE3-48D8-84EC-66878D160EEC}"
EndProject
Project("{FAE04EC0-301F-11D3-BF4B-00C04F79EFBC}") = "Classes", "Classes\Classes.csproj", "{946DD2F4-1074-41F0-BD6D-76BCCDFDDEBD}"
EndProject
Global
	GlobalSection(SolutionConfigurationPlatforms) = preSolution
		Debug|Any CPU = Debug|Any CPU
		Release|Any CPU = Release|Any CPU
	EndGlobalSection
	GlobalSection(ProjectConfigurationPlatforms) = postSolution
		{51EA894F-4BE3-48D8-84EC-66878D160EEC}.Debug|Any CPU.ActiveCfg = Debug|Any CPU
		{51EA894F-4BE3-48D8-84EC-66878D160EEC}.Debug|Any CPU.Build.0 = Debug|Any CPU
		{51EA894F-4BE3-48D8-84EC-66878D160EEC}.Release|Any CPU.ActiveCfg = Release|Any CPU
		{51EA894F-4BE3-48D8-84EC-66878D160EEC}.Release|Any CPU.Build.0 = Release|Any CPU
		{946DD2F4-1074-41F0-BD6D-76BCCDFDDEBD}.Debug|Any CPU.ActiveCfg = Debug|Any CPU
		{946DD2F4-1074-41F0-BD6D-76BCCDFDDEBD}.Debug|Any CPU.Build.0 = Debug|Any CPU
		{946DD2F4-1074-41F0-BD6D-76BCCDFDDEBD}.Release|Any CPU.ActiveCfg = Release|Any CPU
		{946DD2F4-1074-41F0-BD6D-76BCCDFDDEBD}.Release|Any CPU.Build.0 = Release|Any CPU
	EndGlobalSection
	GlobalSection(SolutionProperties) = preSolution
		HideSolutionNode = FALSE
	EndGlobalSection
	GlobalSection(ExtensibilityGlobals) = postSolution
		SolutionGuid = {1395D7B1-2802-4F68-8B39-5D22EB16F002}
	EndGlobalSection
EndGlobal
